
Microsoft Visual Studio Solution File, Format Version 12.00
# Visual Studio 15
VisualStudioVersion = 15.0.28307.168
MinimumVisualStudioVersion = 10.0.40219.1
Project("{FAE04EC0-301F-11D3-BF4B-00C04F79EFBC}") = "C0730317", "C0730317\C0730317.csproj", "{E66DBB47-8A83-4F87-B7AF-DCCA5E7D47A0}"
EndProject
Global
	GlobalSection(SolutionConfigurationPlatforms) = preSolution
		Debug|Any CPU = Debug|Any CPU
		Release|Any CPU = Release|Any CPU
	EndGlobalSection
	GlobalSection(ProjectConfigurationPlatforms) = postSolution
		{E66DBB47-8A83-4F87-B7AF-DCCA5E7D47A0}.Debug|Any CPU.ActiveCfg = Debug|Any CPU
		{E66DBB47-8A83-4F87-B7AF-DCCA5E7D47A0}.Debug|Any CPU.Build.0 = Debug|Any CPU
		{E66DBB47-8A83-4F87-B7AF-DCCA5E7D47A0}.Release|Any CPU.ActiveCfg = Release|Any CPU
		{E66DBB47-8A83-4F87-B7AF-DCCA5E7D47A0}.Release|Any CPU.Build.0 = Release|Any CPU
	EndGlobalSection
	GlobalSection(SolutionProperties) = preSolution
		HideSolutionNode = FALSE
	EndGlobalSection
	GlobalSection(ExtensibilityGlobals) = postSolution
		SolutionGuid = {E2FFB3BB-75AA-4DB3-BAB9-26DBB60EFCEC}
	EndGlobalSection
EndGlobal
